
Microsoft Visual Studio Solution File, Format Version 12.00
# Visual Studio Version 17
VisualStudioVersion = 17.5.002.0
MinimumVisualStudioVersion = 10.0.40219.1
Project("{9A19103F-16F7-4668-BE54-9A1E7A4F7556}") = "StringCalculator", "StringCalculator\StringCalculator.csproj", "{08D937C9-5E6A-42E7-8671-5FDA1D1215A2}"
EndProject
Project("{9A19103F-16F7-4668-BE54-9A1E7A4F7556}") = "StringCalculator.Tests", "StringCalculator.Tests\StringCalculator.Tests.csproj", "{C2676B5F-6178-46C9-BCE2-40CE1EC8E032}"
EndProject
Global
	GlobalSection(SolutionConfigurationPlatforms) = preSolution
		Debug|Any CPU = Debug|Any CPU
		Release|Any CPU = Release|Any CPU
	EndGlobalSection
	GlobalSection(ProjectConfigurationPlatforms) = postSolution
		{08D937C9-5E6A-42E7-8671-5FDA1D1215A2}.Debug|Any CPU.ActiveCfg = Debug|Any CPU
		{08D937C9-5E6A-42E7-8671-5FDA1D1215A2}.Debug|Any CPU.Build.0 = Debug|Any CPU
		{08D937C9-5E6A-42E7-8671-5FDA1D1215A2}.Release|Any CPU.ActiveCfg = Release|Any CPU
		{08D937C9-5E6A-42E7-8671-5FDA1D1215A2}.Release|Any CPU.Build.0 = Release|Any CPU
		{C2676B5F-6178-46C9-BCE2-40CE1EC8E032}.Debug|Any CPU.ActiveCfg = Debug|Any CPU
		{C2676B5F-6178-46C9-BCE2-40CE1EC8E032}.Debug|Any CPU.Build.0 = Debug|Any CPU
		{C2676B5F-6178-46C9-BCE2-40CE1EC8E032}.Release|Any CPU.ActiveCfg = Release|Any CPU
		{C2676B5F-6178-46C9-BCE2-40CE1EC8E032}.Release|Any CPU.Build.0 = Release|Any CPU
	EndGlobalSection
	GlobalSection(SolutionProperties) = preSolution
		HideSolutionNode = FALSE
	EndGlobalSection
	GlobalSection(ExtensibilityGlobals) = postSolution
		SolutionGuid = {E1260E54-79C8-4C77-8ED2-DD5A633281BD}
	EndGlobalSection
EndGlobal
